
Microsoft Visual Studio Solution File, Format Version 12.00
# Visual Studio Version 16
VisualStudioVersion = 16.0.30011.22
MinimumVisualStudioVersion = 10.0.40219.1
Project("{FAE04EC0-301F-11D3-BF4B-00C04F79EFBC}") = "Variables0", "Variables0.csproj", "{AB620C2B-A11B-4384-A9F7-53114C3E3981}"
EndProject
Global
	GlobalSection(SolutionConfigurationPlatforms) = preSolution
		Debug|Any CPU = Debug|Any CPU
		Release|Any CPU = Release|Any CPU
	EndGlobalSection
	GlobalSection(ProjectConfigurationPlatforms) = postSolution
		{AB620C2B-A11B-4384-A9F7-53114C3E3981}.Debug|Any CPU.ActiveCfg = Debug|Any CPU
		{AB620C2B-A11B-4384-A9F7-53114C3E3981}.Debug|Any CPU.Build.0 = Debug|Any CPU
		{AB620C2B-A11B-4384-A9F7-53114C3E3981}.Release|Any CPU.ActiveCfg = Release|Any CPU
		{AB620C2B-A11B-4384-A9F7-53114C3E3981}.Release|Any CPU.Build.0 = Release|Any CPU
	EndGlobalSection
	GlobalSection(SolutionProperties) = preSolution
		HideSolutionNode = FALSE
	EndGlobalSection
	GlobalSection(ExtensibilityGlobals) = postSolution
		SolutionGuid = {7DC91514-97F8-4644-B2AB-4F49CE38135B}
	EndGlobalSection
EndGlobal
